# This file is automatically @generated by Cargo.
# It is not intended for manual editing.
version = 3

[[package]]
name = "bimap"
version = "0.6.3"
source = "registry+https://github.com/rust-lang/crates.io-index"
checksum = "230c5f1ca6a325a32553f8640d31ac9b49f2411e901e427570154868b46da4f7"

[[package]]
name = "multipong-cli"
version = "0.1.0"
dependencies = [
 "multipong-common",
]

[[package]]
name = "multipong-common"
version = "0.1.0"

[[package]]
name = "multipong-server"
version = "0.1.0"
dependencies = [
 "bimap",
 "multipong-common",
]
