# This file is automatically @generated by Cargo.
# It is not intended for manual editing.
version = 3

[[package]]
name = "multipong-cli"
version = "0.1.0"
dependencies = [
 "multipong-common",
]

[[package]]
name = "multipong-common"
version = "0.1.0"

[[package]]
name = "multipong-server"
version = "0.1.0"
dependencies = [
 "multipong-common",
]
